
Microsoft Visual Studio Solution File, Format Version 12.00
# Visual Studio Version 17
VisualStudioVersion = 17.8.34309.116
MinimumVisualStudioVersion = 10.0.40219.1
Project("{9A19103F-16F7-4668-BE54-9A1E7A4F7556}") = "01. Square Root", "01. Square Root\01. Square Root.csproj", "{87E00C90-042A-4066-AC45-2B4FF86A5842}"
EndProject
Project("{9A19103F-16F7-4668-BE54-9A1E7A4F7556}") = "02. Enter Numbers", "02. Enter Numbers\02. Enter Numbers.csproj", "{0CC193DA-16AF-471D-8DB6-8A85519D9A24}"
EndProject
Project("{FAE04EC0-301F-11D3-BF4B-00C04F79EFBC}") = "03. Sum of Integers", "03. Sum of Integers\03. Sum of Integers.csproj", "{4D7577BA-F1D1-48B5-9CE0-86E36C676A65}"
EndProject
Global
	GlobalSection(SolutionConfigurationPlatforms) = preSolution
		Debug|Any CPU = Debug|Any CPU
		Release|Any CPU = Release|Any CPU
	EndGlobalSection
	GlobalSection(ProjectConfigurationPlatforms) = postSolution
		{87E00C90-042A-4066-AC45-2B4FF86A5842}.Debug|Any CPU.ActiveCfg = Debug|Any CPU
		{87E00C90-042A-4066-AC45-2B4FF86A5842}.Debug|Any CPU.Build.0 = Debug|Any CPU
		{87E00C90-042A-4066-AC45-2B4FF86A5842}.Release|Any CPU.ActiveCfg = Release|Any CPU
		{87E00C90-042A-4066-AC45-2B4FF86A5842}.Release|Any CPU.Build.0 = Release|Any CPU
		{0CC193DA-16AF-471D-8DB6-8A85519D9A24}.Debug|Any CPU.ActiveCfg = Debug|Any CPU
		{0CC193DA-16AF-471D-8DB6-8A85519D9A24}.Debug|Any CPU.Build.0 = Debug|Any CPU
		{0CC193DA-16AF-471D-8DB6-8A85519D9A24}.Release|Any CPU.ActiveCfg = Release|Any CPU
		{0CC193DA-16AF-471D-8DB6-8A85519D9A24}.Release|Any CPU.Build.0 = Release|Any CPU
		{4D7577BA-F1D1-48B5-9CE0-86E36C676A65}.Debug|Any CPU.ActiveCfg = Debug|Any CPU
		{4D7577BA-F1D1-48B5-9CE0-86E36C676A65}.Debug|Any CPU.Build.0 = Debug|Any CPU
		{4D7577BA-F1D1-48B5-9CE0-86E36C676A65}.Release|Any CPU.ActiveCfg = Release|Any CPU
		{4D7577BA-F1D1-48B5-9CE0-86E36C676A65}.Release|Any CPU.Build.0 = Release|Any CPU
	EndGlobalSection
	GlobalSection(SolutionProperties) = preSolution
		HideSolutionNode = FALSE
	EndGlobalSection
	GlobalSection(ExtensibilityGlobals) = postSolution
		SolutionGuid = {38CEBE7E-95B5-4F0B-B444-18B66F66302E}
	EndGlobalSection
EndGlobal
